// !$*UTF8*$!
{
	archiveVersion = 1;
	classes = {
	};
	objectVersion = 46;
	objects = {

/* Begin PBXBuildFile section */
		04470FEA1F3168BC00B3AD4E /* main.m in Sources */ = {isa = PBXBuildFile; fileRef = 04470FE91F3168BC00B3AD4E /* main.m */; };
		04470FED1F3168BC00B3AD4E /* AppDelegate.m in Sources */ = {isa = PBXBuildFile; fileRef = 04470FEC1F3168BC00B3AD4E /* AppDelegate.m */; };
		04470FF01F3168BC00B3AD4E /* ViewController.m in Sources */ = {isa = PBXBuildFile; fileRef = 04470FEF1F3168BC00B3AD4E /* ViewController.m */; };
		04470FF31F3168BC00B3AD4E /* Main.storyboard in Resources */ = {isa = PBXBuildFile; fileRef = 04470FF11F3168BC00B3AD4E /* Main.storyboard */; };
		04470FF51F3168BC00B3AD4E /* Assets.xcassets in Resources */ = {isa = PBXBuildFile; fileRef = 04470FF41F3168BC00B3AD4E /* Assets.xcassets */; };
		04470FF81F3168BC00B3AD4E /* LaunchScreen.storyboard in Resources */ = {isa = PBXBuildFile; fileRef = 04470FF61F3168BC00B3AD4E /* LaunchScreen.storyboard */; };
		044710031F3168BC00B3AD4E /* YCHandWritingTests.m in Sources */ = {isa = PBXBuildFile; fileRef = 044710021F3168BC00B3AD4E /* YCHandWritingTests.m */; };
		0447100E1F3168BC00B3AD4E /* YCHandWritingUITests.m in Sources */ = {isa = PBXBuildFile; fileRef = 0447100D1F3168BC00B3AD4E /* YCHandWritingUITests.m */; };
		0447101E1F316BC500B3AD4E /* YCHandWriteShowView.m in Sources */ = {isa = PBXBuildFile; fileRef = 0447101D1F316BC500B3AD4E /* YCHandWriteShowView.m */; };
		044710211F31810B00B3AD4E /* YCHandWriteView.m in Sources */ = {isa = PBXBuildFile; fileRef = 044710201F31810B00B3AD4E /* YCHandWriteView.m */; };
		044710221F31810B00B3AD4E /* YCHandWriteView.m in Sources */ = {isa = PBXBuildFile; fileRef = 044710201F31810B00B3AD4E /* YCHandWriteView.m */; };
		044710231F31810B00B3AD4E /* YCHandWriteView.m in Sources */ = {isa = PBXBuildFile; fileRef = 044710201F31810B00B3AD4E /* YCHandWriteView.m */; };
		044710271F31A43A00B3AD4E /* YCBaseHandWriteViewController.m in Sources */ = {isa = PBXBuildFile; fileRef = 044710261F31A43A00B3AD4E /* YCBaseHandWriteViewController.m */; };
		044710281F31A43A00B3AD4E /* YCBaseHandWriteViewController.m in Sources */ = {isa = PBXBuildFile; fileRef = 044710261F31A43A00B3AD4E /* YCBaseHandWriteViewController.m */; };
		044710291F31A43A00B3AD4E /* YCBaseHandWriteViewController.m in Sources */ = {isa = PBXBuildFile; fileRef = 044710261F31A43A00B3AD4E /* YCBaseHandWriteViewController.m */; };
		AA2BA881634E0F635221F20C /* libPods-YCHandWriting.a in Frameworks */ = {isa = PBXBuildFile; fileRef = DCF983EEC7F6106DFE5B1AE8 /* libPods-YCHandWriting.a */; };
/* End PBXBuildFile section */

/* Begin PBXContainerItemProxy section */
		04470FFF1F3168BC00B3AD4E /* PBXContainerItemProxy */ = {
			isa = PBXContainerItemProxy;
			containerPortal = 04470FDD1F3168BC00B3AD4E /* Project object */;
			proxyType = 1;
			remoteGlobalIDString = 04470FE41F3168BC00B3AD4E;
			remoteInfo = YCHandWriting;
		};
		0447100A1F3168BC00B3AD4E /* PBXContainerItemProxy */ = {
			isa = PBXContainerItemProxy;
			containerPortal = 04470FDD1F3168BC00B3AD4E /* Project object */;
			proxyType = 1;
			remoteGlobalIDString = 04470FE41F3168BC00B3AD4E;
			remoteInfo = YCHandWriting;
		};
/* End PBXContainerItemProxy section */

/* Begin PBXFileReference section */
		04470FE51F3168BC00B3AD4E /* YCHandWriting.app */ = {isa = PBXFileReference; explicitFileType = wrapper.application; includeInIndex = 0; path = YCHandWriting.app; sourceTree = BUILT_PRODUCTS_DIR; };
		04470FE91F3168BC00B3AD4E /* main.m */ = {isa = PBXFileReference; lastKnownFileType = sourcecode.c.objc; path = main.m; sourceTree = "<group>"; };
		04470FEB1F3168BC00B3AD4E /* AppDelegate.h */ = {isa = PBXFileReference; lastKnownFileType = sourcecode.c.h; path = AppDelegate.h; sourceTree = "<group>"; };
		04470FEC1F3168BC00B3AD4E /* AppDelegate.m */ = {isa = PBXFileReference; lastKnownFileType = sourcecode.c.objc; path = AppDelegate.m; sourceTree = "<group>"; };
		04470FEE1F3168BC00B3AD4E /* ViewController.h */ = {isa = PBXFileReference; lastKnownFileType = sourcecode.c.h; path = ViewController.h; sourceTree = "<group>"; };
		04470FEF1F3168BC00B3AD4E /* ViewController.m */ = {isa = PBXFileReference; lastKnownFileType = sourcecode.c.objc; path = ViewController.m; sourceTree = "<group>"; };
		04470FF21F3168BC00B3AD4E /* Base */ = {isa = PBXFileReference; lastKnownFileType = file.storyboard; name = Base; path = Base.lproj/Main.storyboard; sourceTree = "<group>"; };
		04470FF41F3168BC00B3AD4E /* Assets.xcassets */ = {isa = PBXFileReference; lastKnownFileType = folder.assetcatalog; path = Assets.xcassets; sourceTree = "<group>"; };
		04470FF71F3168BC00B3AD4E /* Base */ = {isa = PBXFileReference; lastKnownFileType = file.storyboard; name = Base; path = Base.lproj/LaunchScreen.storyboard; sourceTree = "<group>"; };
		04470FF91F3168BC00B3AD4E /* Info.plist */ = {isa = PBXFileReference; lastKnownFileType = text.plist.xml; path = Info.plist; sourceTree = "<group>"; };
		04470FFE1F3168BC00B3AD4E /* YCHandWritingTests.xctest */ = {isa = PBXFileReference; explicitFileType = wrapper.cfbundle; includeInIndex = 0; path = YCHandWritingTests.xctest; sourceTree = BUILT_PRODUCTS_DIR; };
		044710021F3168BC00B3AD4E /* YCHandWritingTests.m */ = {isa = PBXFileReference; lastKnownFileType = sourcecode.c.objc; path = YCHandWritingTests.m; sourceTree = "<group>"; };
		044710041F3168BC00B3AD4E /* Info.plist */ = {isa = PBXFileReference; lastKnownFileType = text.plist.xml; path = Info.plist; sourceTree = "<group>"; };
		044710091F3168BC00B3AD4E /* YCHandWritingUITests.xctest */ = {isa = PBXFileReference; explicitFileType = wrapper.cfbundle; includeInIndex = 0; path = YCHandWritingUITests.xctest; sourceTree = BUILT_PRODUCTS_DIR; };
		0447100D1F3168BC00B3AD4E /* YCHandWritingUITests.m */ = {isa = PBXFileReference; lastKnownFileType = sourcecode.c.objc; path = YCHandWritingUITests.m; sourceTree = "<group>"; };
		0447100F1F3168BC00B3AD4E /* Info.plist */ = {isa = PBXFileReference; lastKnownFileType = text.plist.xml; path = Info.plist; sourceTree = "<group>"; };
		0447101C1F316BC500B3AD4E /* YCHandWriteShowView.h */ = {isa = PBXFileReference; fileEncoding = 4; lastKnownFileType = sourcecode.c.h; path = YCHandWriteShowView.h; sourceTree = "<group>"; };
		0447101D1F316BC500B3AD4E /* YCHandWriteShowView.m */ = {isa = PBXFileReference; fileEncoding = 4; lastKnownFileType = sourcecode.c.objc; path = YCHandWriteShowView.m; sourceTree = "<group>"; };
		0447101F1F31810B00B3AD4E /* YCHandWriteView.h */ = {isa = PBXFileReference; fileEncoding = 4; lastKnownFileType = sourcecode.c.h; path = YCHandWriteView.h; sourceTree = "<group>"; };
		044710201F31810B00B3AD4E /* YCHandWriteView.m */ = {isa = PBXFileReference; fileEncoding = 4; lastKnownFileType = sourcecode.c.objc; path = YCHandWriteView.m; sourceTree = "<group>"; };
		044710251F31A43A00B3AD4E /* YCBaseHandWriteViewController.h */ = {isa = PBXFileReference; fileEncoding = 4; lastKnownFileType = sourcecode.c.h; path = YCBaseHandWriteViewController.h; sourceTree = "<group>"; };
		044710261F31A43A00B3AD4E /* YCBaseHandWriteViewController.m */ = {isa = PBXFileReference; fileEncoding = 4; lastKnownFileType = sourcecode.c.objc; path = YCBaseHandWriteViewController.m; sourceTree = "<group>"; };
		8D91204BD5E118291FF14F85 /* Pods-YCHandWriting.release.xcconfig */ = {isa = PBXFileReference; includeInIndex = 1; lastKnownFileType = text.xcconfig; name = "Pods-YCHandWriting.release.xcconfig"; path = "Pods/Target Support Files/Pods-YCHandWriting/Pods-YCHandWriting.release.xcconfig"; sourceTree = "<group>"; };
		DCF983EEC7F6106DFE5B1AE8 /* libPods-YCHandWriting.a */ = {isa = PBXFileReference; explicitFileType = archive.ar; includeInIndex = 0; path = "libPods-YCHandWriting.a"; sourceTree = BUILT_PRODUCTS_DIR; };
		EC670A57694740974A3ED79C /* Pods-YCHandWriting.debug.xcconfig */ = {isa = PBXFileReference; includeInIndex = 1; lastKnownFileType = text.xcconfig; name = "Pods-YCHandWriting.debug.xcconfig"; path = "Pods/Target Support Files/Pods-YCHandWriting/Pods-YCHandWriting.debug.xcconfig"; sourceTree = "<group>"; };
/* End PBXFileReference section */

/* Begin PBXFrameworksBuildPhase section */
		04470FE21F3168BC00B3AD4E /* Frameworks */ = {
			isa = PBXFrameworksBuildPhase;
			buildActionMask = 2147483647;
			files = (
				AA2BA881634E0F635221F20C /* libPods-YCHandWriting.a in Frameworks */,
			);
			runOnlyForDeploymentPostprocessing = 0;
		};
		04470FFB1F3168BC00B3AD4E /* Frameworks */ = {
			isa = PBXFrameworksBuildPhase;
			buildActionMask = 2147483647;
			files = (
			);
			runOnlyForDeploymentPostprocessing = 0;
		};
		044710061F3168BC00B3AD4E /* Frameworks */ = {
			isa = PBXFrameworksBuildPhase;
			buildActionMask = 2147483647;
			files = (
			);
			runOnlyForDeploymentPostprocessing = 0;
		};
/* End PBXFrameworksBuildPhase section */

/* Begin PBXGroup section */
		04470FDC1F3168BC00B3AD4E = {
			isa = PBXGroup;
			children = (
				04470FE71F3168BC00B3AD4E /* YCHandWriting */,
				044710011F3168BC00B3AD4E /* YCHandWritingTests */,
				0447100C1F3168BC00B3AD4E /* YCHandWritingUITests */,
				04470FE61F3168BC00B3AD4E /* Products */,
				B1A94192DF4D99E40C896B69 /* Pods */,
				105F91A184520B62B8D64E69 /* Frameworks */,
			);
			sourceTree = "<group>";
		};
		04470FE61F3168BC00B3AD4E /* Products */ = {
			isa = PBXGroup;
			children = (
				04470FE51F3168BC00B3AD4E /* YCHandWriting.app */,
				04470FFE1F3168BC00B3AD4E /* YCHandWritingTests.xctest */,
				044710091F3168BC00B3AD4E /* YCHandWritingUITests.xctest */,
			);
			name = Products;
			sourceTree = "<group>";
		};
		04470FE71F3168BC00B3AD4E /* YCHandWriting */ = {
			isa = PBXGroup;
			children = (
				0447101B1F316B5F00B3AD4E /* Base */,
				04470FEB1F3168BC00B3AD4E /* AppDelegate.h */,
				04470FEC1F3168BC00B3AD4E /* AppDelegate.m */,
				044710241F31A3DC00B3AD4E /* Controllers */,
				04470FEE1F3168BC00B3AD4E /* ViewController.h */,
				04470FEF1F3168BC00B3AD4E /* ViewController.m */,
				04470FF11F3168BC00B3AD4E /* Main.storyboard */,
				04470FF41F3168BC00B3AD4E /* Assets.xcassets */,
				04470FF61F3168BC00B3AD4E /* LaunchScreen.storyboard */,
				04470FF91F3168BC00B3AD4E /* Info.plist */,
				04470FE81F3168BC00B3AD4E /* Supporting Files */,
			);
			path = YCHandWriting;
			sourceTree = "<group>";
		};
		04470FE81F3168BC00B3AD4E /* Supporting Files */ = {
			isa = PBXGroup;
			children = (
				04470FE91F3168BC00B3AD4E /* main.m */,
			);
			name = "Supporting Files";
			sourceTree = "<group>";
		};
		044710011F3168BC00B3AD4E /* YCHandWritingTests */ = {
			isa = PBXGroup;
			children = (
				044710021F3168BC00B3AD4E /* YCHandWritingTests.m */,
				044710041F3168BC00B3AD4E /* Info.plist */,
			);
			path = YCHandWritingTests;
			sourceTree = "<group>";
		};
		0447100C1F3168BC00B3AD4E /* YCHandWritingUITests */ = {
			isa = PBXGroup;
			children = (
				0447100D1F3168BC00B3AD4E /* YCHandWritingUITests.m */,
				0447100F1F3168BC00B3AD4E /* Info.plist */,
			);
			path = YCHandWritingUITests;
			sourceTree = "<group>";
		};
		0447101B1F316B5F00B3AD4E /* Base */ = {
			isa = PBXGroup;
			children = (
				0447101C1F316BC500B3AD4E /* YCHandWriteShowView.h */,
				0447101D1F316BC500B3AD4E /* YCHandWriteShowView.m */,
				0447101F1F31810B00B3AD4E /* YCHandWriteView.h */,
				044710201F31810B00B3AD4E /* YCHandWriteView.m */,
			);
			path = Base;
			sourceTree = "<group>";
		};
		044710241F31A3DC00B3AD4E /* Controllers */ = {
			isa = PBXGroup;
			children = (
				044710251F31A43A00B3AD4E /* YCBaseHandWriteViewController.h */,
				044710261F31A43A00B3AD4E /* YCBaseHandWriteViewController.m */,
			);
			path = Controllers;
			sourceTree = "<group>";
		};
		105F91A184520B62B8D64E69 /* Frameworks */ = {
			isa = PBXGroup;
			children = (
				DCF983EEC7F6106DFE5B1AE8 /* libPods-YCHandWriting.a */,
			);
			name = Frameworks;
			sourceTree = "<group>";
		};
		B1A94192DF4D99E40C896B69 /* Pods */ = {
			isa = PBXGroup;
			children = (
				EC670A57694740974A3ED79C /* Pods-YCHandWriting.debug.xcconfig */,
				8D91204BD5E118291FF14F85 /* Pods-YCHandWriting.release.xcconfig */,
			);
			name = Pods;
			sourceTree = "<group>";
		};
/* End PBXGroup section */

/* Begin PBXNativeTarget section */
		04470FE41F3168BC00B3AD4E /* YCHandWriting */ = {
			isa = PBXNativeTarget;
			buildConfigurationList = 044710121F3168BC00B3AD4E /* Build configuration list for PBXNativeTarget "YCHandWriting" */;
			buildPhases = (
				949C63F2F19177B255F7E877 /* [CP] Check Pods Manifest.lock */,
				04470FE11F3168BC00B3AD4E /* Sources */,
				04470FE21F3168BC00B3AD4E /* Frameworks */,
				04470FE31F3168BC00B3AD4E /* Resources */,
				BD7E0FC55E13E94E2BFAD9BF /* [CP] Embed Pods Frameworks */,
				0A6801C1B8EAE9CF8FA8FEDC /* [CP] Copy Pods Resources */,
			);
			buildRules = (
			);
			dependencies = (
			);
			name = YCHandWriting;
			productName = YCHandWriting;
			productReference = 04470FE51F3168BC00B3AD4E /* YCHandWriting.app */;
			productType = "com.apple.product-type.application";
		};
		04470FFD1F3168BC00B3AD4E /* YCHandWritingTests */ = {
			isa = PBXNativeTarget;
			buildConfigurationList = 044710151F3168BC00B3AD4E /* Build configuration list for PBXNativeTarget "YCHandWritingTests" */;
			buildPhases = (
				04470FFA1F3168BC00B3AD4E /* Sources */,
				04470FFB1F3168BC00B3AD4E /* Frameworks */,
				04470FFC1F3168BC00B3AD4E /* Resources */,
			);
			buildRules = (
			);
			dependencies = (
				044710001F3168BC00B3AD4E /* PBXTargetDependency */,
			);
			name = YCHandWritingTests;
			productName = YCHandWritingTests;
			productReference = 04470FFE1F3168BC00B3AD4E /* YCHandWritingTests.xctest */;
			productType = "com.apple.product-type.bundle.unit-test";
		};
		044710081F3168BC00B3AD4E /* YCHandWritingUITests */ = {
			isa = PBXNativeTarget;
			buildConfigurationList = 044710181F3168BC00B3AD4E /* Build configuration list for PBXNativeTarget "YCHandWritingUITests" */;
			buildPhases = (
				044710051F3168BC00B3AD4E /* Sources */,
				044710061F3168BC00B3AD4E /* Frameworks */,
				044710071F3168BC00B3AD4E /* Resources */,
			);
			buildRules = (
			);
			dependencies = (
				0447100B1F3168BC00B3AD4E /* PBXTargetDependency */,
			);
			name = YCHandWritingUITests;
			productName = YCHandWritingUITests;
			productReference = 044710091F3168BC00B3AD4E /* YCHandWritingUITests.xctest */;
			productType = "com.apple.product-type.bundle.ui-testing";
		};
/* End PBXNativeTarget section */

/* Begin PBXProject section */
		04470FDD1F3168BC00B3AD4E /* Project object */ = {
			isa = PBXProject;
			attributes = {
				CLASSPREFIX = YC;
				LastUpgradeCheck = 0830;
				ORGANIZATIONNAME = HYC;
				TargetAttributes = {
					04470FE41F3168BC00B3AD4E = {
						CreatedOnToolsVersion = 8.3.3;
						DevelopmentTeam = LPCE7977VR;
						ProvisioningStyle = Automatic;
					};
					04470FFD1F3168BC00B3AD4E = {
						CreatedOnToolsVersion = 8.3.3;
						DevelopmentTeam = LPCE7977VR;
						ProvisioningStyle = Automatic;
						TestTargetID = 04470FE41F3168BC00B3AD4E;
					};
					044710081F3168BC00B3AD4E = {
						CreatedOnToolsVersion = 8.3.3;
						DevelopmentTeam = LPCE7977VR;
						ProvisioningStyle = Automatic;
						TestTargetID = 04470FE41F3168BC00B3AD4E;
					};
				};
			};
			buildConfigurationList = 04470FE01F3168BC00B3AD4E /* Build configuration list for PBXProject "YCHandWriting" */;
			compatibilityVersion = "Xcode 3.2";
			developmentRegion = English;
			hasScannedForEncodings = 0;
			knownRegions = (
				en,
				Base,
			);
			mainGroup = 04470FDC1F3168BC00B3AD4E;
			productRefGroup = 04470FE61F3168BC00B3AD4E /* Products */;
			projectDirPath = "";
			projectRoot = "";
			targets = (
				04470FE41F3168BC00B3AD4E /* YCHandWriting */,
				04470FFD1F3168BC00B3AD4E /* YCHandWritingTests */,
				044710081F3168BC00B3AD4E /* YCHandWritingUITests */,
			);
		};
/* End PBXProject section */

/* Begin PBXResourcesBuildPhase section */
		04470FE31F3168BC00B3AD4E /* Resources */ = {
			isa = PBXResourcesBuildPhase;
			buildActionMask = 2147483647;
			files = (
				04470FF81F3168BC00B3AD4E /* LaunchScreen.storyboard in Resources */,
				04470FF51F3168BC00B3AD4E /* Assets.xcassets in Resources */,
				04470FF31F3168BC00B3AD4E /* Main.storyboard in Resources */,
			);
			runOnlyForDeploymentPostprocessing = 0;
		};
		04470FFC1F3168BC00B3AD4E /* Resources */ = {
			isa = PBXResourcesBuildPhase;
			buildActionMask = 2147483647;
			files = (
			);
			runOnlyForDeploymentPostprocessing = 0;
		};
		044710071F3168BC00B3AD4E /* Resources */ = {
			isa = PBXResourcesBuildPhase;
			buildActionMask = 2147483647;
			files = (
			);
			runOnlyForDeploymentPostprocessing = 0;
		};
/* End PBXResourcesBuildPhase section */

/* Begin PBXShellScriptBuildPhase section */
		0A6801C1B8EAE9CF8FA8FEDC /* [CP] Copy Pods Resources */ = {
			isa = PBXShellScriptBuildPhase;
			buildActionMask = 2147483647;
			files = (
			);
			inputPaths = (
			);
			name = "[CP] Copy Pods Resources";
			outputPaths = (
			);
			runOnlyForDeploymentPostprocessing = 0;
			shellPath = /bin/sh;
			shellScript = "\"${SRCROOT}/Pods/Target Support Files/Pods-YCHandWriting/Pods-YCHandWriting-resources.sh\"\n";
			showEnvVarsInLog = 0;
		};
		949C63F2F19177B255F7E877 /* [CP] Check Pods Manifest.lock */ = {
			isa = PBXShellScriptBuildPhase;
			buildActionMask = 2147483647;
			files = (
			);
			inputPaths = (
			);
			name = "[CP] Check Pods Manifest.lock";
			outputPaths = (
			);
			runOnlyForDeploymentPostprocessing = 0;
			shellPath = /bin/sh;
			shellScript = "diff \"${PODS_PODFILE_DIR_PATH}/Podfile.lock\" \"${PODS_ROOT}/Manifest.lock\" > /dev/null\nif [ $? != 0 ] ; then\n    # print error to STDERR\n    echo \"error: The sandbox is not in sync with the Podfile.lock. Run 'pod install' or update your CocoaPods installation.\" >&2\n    exit 1\nfi\n";
			showEnvVarsInLog = 0;
		};
		BD7E0FC55E13E94E2BFAD9BF /* [CP] Embed Pods Frameworks */ = {
			isa = PBXShellScriptBuildPhase;
			buildActionMask = 2147483647;
			files = (
			);
			inputPaths = (
			);
			name = "[CP] Embed Pods Frameworks";
			outputPaths = (
			);
			runOnlyForDeploymentPostprocessing = 0;
			shellPath = /bin/sh;
			shellScript = "\"${SRCROOT}/Pods/Target Support Files/Pods-YCHandWriting/Pods-YCHandWriting-frameworks.sh\"\n";
			showEnvVarsInLog = 0;
		};
/* End PBXShellScriptBuildPhase section */

/* Begin PBXSourcesBuildPhase section */
		04470FE11F3168BC00B3AD4E /* Sources */ = {
			isa = PBXSourcesBuildPhase;
			buildActionMask = 2147483647;
			files = (
				04470FF01F3168BC00B3AD4E /* ViewController.m in Sources */,
				044710211F31810B00B3AD4E /* YCHandWriteView.m in Sources */,
				044710271F31A43A00B3AD4E /* YCBaseHandWriteViewController.m in Sources */,
				04470FED1F3168BC00B3AD4E /* AppDelegate.m in Sources */,
				0447101E1F316BC500B3AD4E /* YCHandWriteShowView.m in Sources */,
				04470FEA1F3168BC00B3AD4E /* main.m in Sources */,
			);
			runOnlyForDeploymentPostprocessing = 0;
		};
		04470FFA1F3168BC00B3AD4E /* Sources */ = {
			isa = PBXSourcesBuildPhase;
			buildActionMask = 2147483647;
			files = (
				044710031F3168BC00B3AD4E /* YCHandWritingTests.m in Sources */,
				044710221F31810B00B3AD4E /* YCHandWriteView.m in Sources */,
				044710281F31A43A00B3AD4E /* YCBaseHandWriteViewController.m in Sources */,
			);
			runOnlyForDeploymentPostprocessing = 0;
		};
		044710051F3168BC00B3AD4E /* Sources */ = {
			isa = PBXSourcesBuildPhase;
			buildActionMask = 2147483647;
			files = (
				0447100E1F3168BC00B3AD4E /* YCHandWritingUITests.m in Sources */,
				044710231F31810B00B3AD4E /* YCHandWriteView.m in Sources */,
				044710291F31A43A00B3AD4E /* YCBaseHandWriteViewController.m in Sources */,
			);
			runOnlyForDeploymentPostprocessing = 0;
		};
/* End PBXSourcesBuildPhase section */

/* Begin PBXTargetDependency section */
		044710001F3168BC00B3AD4E /* PBXTargetDependency */ = {
			isa = PBXTargetDependency;
			target = 04470FE41F3168BC00B3AD4E /* YCHandWriting */;
			targetProxy = 04470FFF1F3168BC00B3AD4E /* PBXContainerItemProxy */;
		};
		0447100B1F3168BC00B3AD4E /* PBXTargetDependency */ = {
			isa = PBXTargetDependency;
			target = 04470FE41F3168BC00B3AD4E /* YCHandWriting */;
			targetProxy = 0447100A1F3168BC00B3AD4E /* PBXContainerItemProxy */;
		};
/* End PBXTargetDependency section */

/* Begin PBXVariantGroup section */
		04470FF11F3168BC00B3AD4E /* Main.storyboard */ = {
			isa = PBXVariantGroup;
			children = (
				04470FF21F3168BC00B3AD4E /* Base */,
			);
			name = Main.storyboard;
			sourceTree = "<group>";
		};
		04470FF61F3168BC00B3AD4E /* LaunchScreen.storyboard */ = {
			isa = PBXVariantGroup;
			children = (
				04470FF71F3168BC00B3AD4E /* Base */,
			);
			name = LaunchScreen.storyboard;
			sourceTree = "<group>";
		};
/* End PBXVariantGroup section */

/* Begin XCBuildConfiguration section */
		044710101F3168BC00B3AD4E /* Debug */ = {
			isa = XCBuildConfiguration;
			buildSettings = {
				ALWAYS_SEARCH_USER_PATHS = NO;
				CLANG_ANALYZER_NONNULL = YES;
				CLANG_ANALYZER_NUMBER_OBJECT_CONVERSION = YES_AGGRESSIVE;
				CLANG_CXX_LANGUAGE_STANDARD = "gnu++0x";
				CLANG_CXX_LIBRARY = "libc++";
				CLANG_ENABLE_MODULES = YES;
				CLANG_ENABLE_OBJC_ARC = YES;
				CLANG_WARN_BOOL_CONVERSION = YES;
				CLANG_WARN_CONSTANT_CONVERSION = YES;
				CLANG_WARN_DIRECT_OBJC_ISA_USAGE = YES_ERROR;
				CLANG_WARN_DOCUMENTATION_COMMENTS = YES;
				CLANG_WARN_EMPTY_BODY = YES;
				CLANG_WARN_ENUM_CONVERSION = YES;
				CLANG_WARN_INFINITE_RECURSION = YES;
				CLANG_WARN_INT_CONVERSION = YES;
				CLANG_WARN_OBJC_ROOT_CLASS = YES_ERROR;
				CLANG_WARN_SUSPICIOUS_MOVE = YES;
				CLANG_WARN_UNREACHABLE_CODE = YES;
				CLANG_WARN__DUPLICATE_METHOD_MATCH = YES;
				"CODE_SIGN_IDENTITY[sdk=iphoneos*]" = "iPhone Developer";
				COPY_PHASE_STRIP = NO;
				DEBUG_INFORMATION_FORMAT = dwarf;
				ENABLE_STRICT_OBJC_MSGSEND = YES;
				ENABLE_TESTABILITY = YES;
				GCC_C_LANGUAGE_STANDARD = gnu99;
				GCC_DYNAMIC_NO_PIC = NO;
				GCC_NO_COMMON_BLOCKS = YES;
				GCC_OPTIMIZATION_LEVEL = 0;
				GCC_PREPROCESSOR_DEFINITIONS = (
					"DEBUG=1",
					"$(inherited)",
				);
				GCC_WARN_64_TO_32_BIT_CONVERSION = YES;
				GCC_WARN_ABOUT_RETURN_TYPE = YES_ERROR;
				GCC_WARN_UNDECLARED_SELECTOR = YES;
				GCC_WARN_UNINITIALIZED_AUTOS = YES_AGGRESSIVE;
				GCC_WARN_UNUSED_FUNCTION = YES;
				GCC_WARN_UNUSED_VARIABLE = YES;
				IPHONEOS_DEPLOYMENT_TARGET = 8.0;
				MTL_ENABLE_DEBUG_INFO = YES;
				ONLY_ACTIVE_ARCH = YES;
				SDKROOT = iphoneos;
				TARGETED_DEVICE_FAMILY = "1,2";
			};
			name = Debug;
		};
		044710111F3168BC00B3AD4E /* Release */ = {
			isa = XCBuildConfiguration;
			buildSettings = {
				ALWAYS_SEARCH_USER_PATHS = NO;
				CLANG_ANALYZER_NONNULL = YES;
				CLANG_ANALYZER_NUMBER_OBJECT_CONVERSION = YES_AGGRESSIVE;
				CLANG_CXX_LANGUAGE_STANDARD = "gnu++0x";
				CLANG_CXX_LIBRARY = "libc++";
				CLANG_ENABLE_MODULES = YES;
				CLANG_ENABLE_OBJC_ARC = YES;
				CLANG_WARN_BOOL_CONVERSION = YES;
				CLANG_WARN_CONSTANT_CONVERSION = YES;
				CLANG_WARN_DIRECT_OBJC_ISA_USAGE = YES_ERROR;
				CLANG_WARN_DOCUMENTATION_COMMENTS = YES;
				CLANG_WARN_EMPTY_BODY = YES;
				CLANG_WARN_ENUM_CONVERSION = YES;
				CLANG_WARN_INFINITE_RECURSION = YES;
				CLANG_WARN_INT_CONVERSION = YES;
				CLANG_WARN_OBJC_ROOT_CLASS = YES_ERROR;
				CLANG_WARN_SUSPICIOUS_MOVE = YES;
				CLANG_WARN_UNREACHABLE_CODE = YES;
				CLANG_WARN__DUPLICATE_METHOD_MATCH = YES;
				"CODE_SIGN_IDENTITY[sdk=iphoneos*]" = "iPhone Developer";
				COPY_PHASE_STRIP = NO;
				DEBUG_INFORMATION_FORMAT = "dwarf-with-dsym";
				ENABLE_NS_ASSERTIONS = NO;
				ENABLE_STRICT_OBJC_MSGSEND = YES;
				GCC_C_LANGUAGE_STANDARD = gnu99;
				GCC_NO_COMMON_BLOCKS = YES;
				GCC_WARN_64_TO_32_BIT_CONVERSION = YES;
				GCC_WARN_ABOUT_RETURN_TYPE = YES_ERROR;
				GCC_WARN_UNDECLARED_SELECTOR = YES;
				GCC_WARN_UNINITIALIZED_AUTOS = YES_AGGRESSIVE;
				GCC_WARN_UNUSED_FUNCTION = YES;
				GCC_WARN_UNUSED_VARIABLE = YES;
				IPHONEOS_DEPLOYMENT_TARGET = 8.0;
				MTL_ENABLE_DEBUG_INFO = NO;
				SDKROOT = iphoneos;
				TARGETED_DEVICE_FAMILY = "1,2";
				VALIDATE_PRODUCT = YES;
			};
			name = Release;
		};
		044710131F3168BC00B3AD4E /* Debug */ = {
			isa = XCBuildConfiguration;
			baseConfigurationReference = EC670A57694740974A3ED79C /* Pods-YCHandWriting.debug.xcconfig */;
			buildSettings = {
				ASSETCATALOG_COMPILER_APPICON_NAME = AppIcon;
				DEVELOPMENT_TEAM = LPCE7977VR;
				INFOPLIST_FILE = YCHandWriting/Info.plist;
				IPHONEOS_DEPLOYMENT_TARGET = 8.0;
				LD_RUNPATH_SEARCH_PATHS = "$(inherited) @executable_path/Frameworks";
				PRODUCT_BUNDLE_IDENTIFIER = cn.changniannian.YCHandWriting;
				PRODUCT_NAME = "$(TARGET_NAME)";
				TARGETED_DEVICE_FAMILY = 1;
			};
			name = Debug;
		};
		044710141F3168BC00B3AD4E /* Release */ = {
			isa = XCBuildConfiguration;
			baseConfigurationReference = 8D91204BD5E118291FF14F85 /* Pods-YCHandWriting.release.xcconfig */;
			buildSettings = {
				ASSETCATALOG_COMPILER_APPICON_NAME = AppIcon;
				DEVELOPMENT_TEAM = LPCE7977VR;
				INFOPLIST_FILE = YCHandWriting/Info.plist;
				IPHONEOS_DEPLOYMENT_TARGET = 8.0;
				LD_RUNPATH_SEARCH_PATHS = "$(inherited) @executable_path/Frameworks";
				PRODUCT_BUNDLE_IDENTIFIER = cn.changniannian.YCHandWriting;
				PRODUCT_NAME = "$(TARGET_NAME)";
				TARGETED_DEVICE_FAMILY = 1;
			};
			name = Release;
		};
		044710161F3168BC00B3AD4E /* Debug */ = {
			isa = XCBuildConfiguration;
			buildSettings = {
				BUNDLE_LOADER = "$(TEST_HOST)";
				DEVELOPMENT_TEAM = LPCE7977VR;
				INFOPLIST_FILE = YCHandWritingTests/Info.plist;
				LD_RUNPATH_SEARCH_PATHS = "$(inherited) @executable_path/Frameworks @loader_path/Frameworks";
				PRODUCT_BUNDLE_IDENTIFIER = cn.changniannian.YCHandWritingTests;
				PRODUCT_NAME = "$(TARGET_NAME)";
				TEST_HOST = "$(BUILT_PRODUCTS_DIR)/YCHandWriting.app/YCHandWriting";
			};
			name = Debug;
		};
		044710171F3168BC00B3AD4E /* Release */ = {
			isa = XCBuildConfiguration;
			buildSettings = {
				BUNDLE_LOADER = "$(TEST_HOST)";
				DEVELOPMENT_TEAM = LPCE7977VR;
				INFOPLIST_FILE = YCHandWritingTests/Info.plist;
				LD_RUNPATH_SEARCH_PATHS = "$(inherited) @executable_path/Frameworks @loader_path/Frameworks";
				PRODUCT_BUNDLE_IDENTIFIER = cn.changniannian.YCHandWritingTests;
				PRODUCT_NAME = "$(TARGET_NAME)";
				TEST_HOST = "$(BUILT_PRODUCTS_DIR)/YCHandWriting.app/YCHandWriting";
			};
			name = Release;
		};
		044710191F3168BC00B3AD4E /* Debug */ = {
			isa = XCBuildConfiguration;
			buildSettings = {
				DEVELOPMENT_TEAM = LPCE7977VR;
				INFOPLIST_FILE = YCHandWritingUITests/Info.plist;
				LD_RUNPATH_SEARCH_PATHS = "$(inherited) @executable_path/Frameworks @loader_path/Frameworks";
				PRODUCT_BUNDLE_IDENTIFIER = cn.changniannian.YCHandWritingUITests;
				PRODUCT_NAME = "$(TARGET_NAME)";
				TEST_TARGET_NAME = YCHandWriting;
			};
			name = Debug;
		};
		0447101A1F3168BC00B3AD4E /* Release */ = {
			isa = XCBuildConfiguration;
			buildSettings = {
				DEVELOPMENT_TEAM = LPCE7977VR;
				INFOPLIST_FILE = YCHandWritingUITests/Info.plist;
				LD_RUNPATH_SEARCH_PATHS = "$(inherited) @executable_path/Frameworks @loader_path/Frameworks";
				PRODUCT_BUNDLE_IDENTIFIER = cn.changniannian.YCHandWritingUITests;
				PRODUCT_NAME = "$(TARGET_NAME)";
				TEST_TARGET_NAME = YCHandWriting;
			};
			name = Release;
		};
/* End XCBuildConfiguration section */

/* Begin XCConfigurationList section */
		04470FE01F3168BC00B3AD4E /* Build configuration list for PBXProject "YCHandWriting" */ = {
			isa = XCConfigurationList;
			buildConfigurations = (
				044710101F3168BC00B3AD4E /* Debug */,
				044710111F3168BC00B3AD4E /* Release */,
			);
			defaultConfigurationIsVisible = 0;
			defaultConfigurationName = Release;
		};
		044710121F3168BC00B3AD4E /* Build configuration list for PBXNativeTarget "YCHandWriting" */ = {
			isa = XCConfigurationList;
			buildConfigurations = (
				044710131F3168BC00B3AD4E /* Debug */,
				044710141F3168BC00B3AD4E /* Release */,
			);
			defaultConfigurationIsVisible = 0;
			defaultConfigurationName = Release;
		};
		044710151F3168BC00B3AD4E /* Build configuration list for PBXNativeTarget "YCHandWritingTests" */ = {
			isa = XCConfigurationList;
			buildConfigurations = (
				044710161F3168BC00B3AD4E /* Debug */,
				044710171F3168BC00B3AD4E /* Release */,
			);
			defaultConfigurationIsVisible = 0;
			defaultConfigurationName = Release;
		};
		044710181F3168BC00B3AD4E /* Build configuration list for PBXNativeTarget "YCHandWritingUITests" */ = {
			isa = XCConfigurationList;
			buildConfigurations = (
				044710191F3168BC00B3AD4E /* Debug */,
				0447101A1F3168BC00B3AD4E /* Release */,
			);
			defaultConfigurationIsVisible = 0;
			defaultConfigurationName = Release;
		};
/* End XCConfigurationList section */
	};
	rootObject = 04470FDD1F3168BC00B3AD4E /* Project object */;
}
